<?xml version="1.0" encoding="utf-8"?>
<Project ToolsVersion="4.0" xmlns="http://schemas.microsoft.com/developer/msbuild/2003">
  <ItemGroup>
    <ClCompile Include="..\common\ArgsManager.cpp">
      <Filter>Quelldateien</Filter>
    </ClCompile>
    <ClCompile Include="..\common\logger.cpp">
      <Filter>Quelldateien</Filter>
    </ClCompile>
    <ClCompile Include="sha3_test.cpp">
      <Filter>Quelldateien</Filter>
    </ClCompile>
    <ClCompile Include="..\common\utilstrencodings.cpp">
      <Filter>Quelldateien</Filter>
    </ClCompile>
    <ClCompile Include="src\sha3.cpp">
      <Filter>Quelldateien</Filter>
    </ClCompile>
    <ClCompile Include="src\CHardwareRandomNumberGenerator.cpp">
      <Filter>Quelldateien</Filter>
    </ClCompile>
  </ItemGroup>
  <ItemGroup>
    <ClInclude Include="..\common\ArgsManager.h">
      <Filter>Headerdateien</Filter>
    </ClInclude>
    <ClInclude Include="..\common\logger.h">
      <Filter>Headerdateien</Filter>
    </ClInclude>
    <ClInclude Include="..\common\tinyformat.h">
      <Filter>Headerdateien</Filter>
    </ClInclude>
    <ClInclude Include="..\common\utilstrencodings.h">
      <Filter>Headerdateien</Filter>
    </ClInclude>
    <ClInclude Include="src\sha3.h">
      <Filter>Headerdateien</Filter>
    </ClInclude>
    <ClInclude Include="src\endian.h">
      <Filter>Headerdateien</Filter>
    </ClInclude>
    <ClInclude Include="src\byteswap.h">
      <Filter>Headerdateien</Filter>
    </ClInclude>
    <ClInclude Include="src\CHardwareRandomNumberGenerator.h">
      <Filter>Headerdateien</Filter>
    </ClInclude>
  </ItemGroup>
  <ItemGroup>
    <Filter Include="Headerdateien">
      <UniqueIdentifier>{f6eb602a-5d3b-4599-97d9-2d71e9e10974}</UniqueIdentifier>
    </Filter>
    <Filter Include="Quelldateien">
      <UniqueIdentifier>{dadf27a3-54e6-4a01-9cba-db54992bede9}</UniqueIdentifier>
    </Filter>
    <Filter Include="Ressourcendateien">
      <UniqueIdentifier>{4ba2f47c-f1da-4135-9d06-b4ea84b530ea}</UniqueIdentifier>
    </Filter>
  </ItemGroup>
</Project>