<?xml version="1.0" encoding="utf-8"?>
<Project ToolsVersion="4.0" xmlns="http://schemas.microsoft.com/developer/msbuild/2003">
  <ItemGroup>
    <Filter Include="Quelldateien">
      <UniqueIdentifier>{4FC737F1-C7A5-4376-A066-2A32D752A2FF}</UniqueIdentifier>
      <Extensions>cpp;c;cc;cxx;def;odl;idl;hpj;bat;asm;asmx</Extensions>
    </Filter>
    <Filter Include="Headerdateien">
      <UniqueIdentifier>{93995380-89BD-4b04-88EB-625FBE52EBFB}</UniqueIdentifier>
      <Extensions>h;hh;hpp;hxx;hm;inl;inc;xsd</Extensions>
    </Filter>
    <Filter Include="Ressourcendateien">
      <UniqueIdentifier>{67DA6AB6-F800-4c08-8B7A-83BB121AAD01}</UniqueIdentifier>
      <Extensions>rc;ico;cur;bmp;dlg;rc2;rct;bin;rgs;gif;jpg;jpeg;jpe;resx;tiff;tif;png;wav;mfcribbon-ms</Extensions>
    </Filter>
    <Filter Include="Headerdateien\MCP39">
      <UniqueIdentifier>{4ff3fbc6-842b-4e3b-badd-acb0fbdeb59f}</UniqueIdentifier>
    </Filter>
    <Filter Include="Quelldateien\MCP39">
      <UniqueIdentifier>{9096c824-8302-4858-9c66-a32c47410a3a}</UniqueIdentifier>
    </Filter>
  </ItemGroup>
  <ItemGroup>
    <ClCompile Include="keygenerator.cpp">
      <Filter>Quelldateien</Filter>
    </ClCompile>
    <ClCompile Include="..\common\ArgsManager.cpp">
      <Filter>Quelldateien</Filter>
    </ClCompile>
    <ClCompile Include="..\common\logger.cpp">
      <Filter>Quelldateien</Filter>
    </ClCompile>
    <ClCompile Include="..\common\utilstrencodings.cpp">
      <Filter>Quelldateien</Filter>
    </ClCompile>
    <ClCompile Include="src\base16.cpp">
      <Filter>Quelldateien</Filter>
    </ClCompile>
    <ClCompile Include="..\sha3_test\src\sha3.cpp">
      <Filter>Quelldateien</Filter>
    </ClCompile>
    <ClCompile Include="src\MCP39\dictionairy.cpp">
      <Filter>Quelldateien\MCP39</Filter>
    </ClCompile>
    <ClCompile Include="src\MCP39\MCP39.cpp">
      <Filter>Quelldateien\MCP39</Filter>
    </ClCompile>
  </ItemGroup>
  <ItemGroup>
    <ClInclude Include="..\common\ArgsManager.h">
      <Filter>Headerdateien</Filter>
    </ClInclude>
    <ClInclude Include="..\common\logger.h">
      <Filter>Headerdateien</Filter>
    </ClInclude>
    <ClInclude Include="..\common\utilstrencodings.h">
      <Filter>Headerdateien</Filter>
    </ClInclude>
    <ClInclude Include="..\common\tinyformat.h">
      <Filter>Headerdateien</Filter>
    </ClInclude>
    <ClInclude Include="src\array_slice.h">
      <Filter>Headerdateien</Filter>
    </ClInclude>
    <ClInclude Include="src\base16.h">
      <Filter>Headerdateien</Filter>
    </ClInclude>
    <ClInclude Include="..\sha3_test\src\sha3.h">
      <Filter>Headerdateien</Filter>
    </ClInclude>
    <ClInclude Include="src\MCP39\dictionairy.h">
      <Filter>Headerdateien\MCP39</Filter>
    </ClInclude>
    <ClInclude Include="src\MCP39\MCP39.h">
      <Filter>Headerdateien\MCP39</Filter>
    </ClInclude>
  </ItemGroup>
</Project>